
Microsoft Visual Studio Solution File, Format Version 12.00
# Visual Studio Version 16
VisualStudioVersion = 16.0.808.5
MinimumVisualStudioVersion = 10.0.40219.1
Project("{FAE04EC0-301F-11D3-BF4B-00C04F79EFBC}") = "DockerRegistry-UI", "DockerRegistry-UI\DockerRegistry-UI.csproj", "{A96AF817-169C-428E-9C15-FFCE38398660}"
EndProject
Project("{2150E333-8FDC-42A3-9474-1A3956D46DE8}") = "Solution Items", "Solution Items", "{18180999-72AC-497B-90CF-86B5C267D127}"
	ProjectSection(SolutionItems) = preProject
		README.md = README.md
	EndProjectSection
EndProject
Global
	GlobalSection(SolutionConfigurationPlatforms) = preSolution
		Debug|Any CPU = Debug|Any CPU
		Release|Any CPU = Release|Any CPU
	EndGlobalSection
	GlobalSection(ProjectConfigurationPlatforms) = postSolution
		{A96AF817-169C-428E-9C15-FFCE38398660}.Debug|Any CPU.ActiveCfg = Debug|Any CPU
		{A96AF817-169C-428E-9C15-FFCE38398660}.Debug|Any CPU.Build.0 = Debug|Any CPU
		{A96AF817-169C-428E-9C15-FFCE38398660}.Release|Any CPU.ActiveCfg = Release|Any CPU
		{A96AF817-169C-428E-9C15-FFCE38398660}.Release|Any CPU.Build.0 = Release|Any CPU
	EndGlobalSection
	GlobalSection(SolutionProperties) = preSolution
		HideSolutionNode = FALSE
	EndGlobalSection
	GlobalSection(ExtensibilityGlobals) = postSolution
		SolutionGuid = {FBF48B57-B181-4438-93D5-8B60B6855254}
	EndGlobalSection
EndGlobal
